
Microsoft Visual Studio Solution File, Format Version 12.00
# Visual Studio 15
VisualStudioVersion = 15.0.26430.16
MinimumVisualStudioVersion = 10.0.40219.1
Project("{FAE04EC0-301F-11D3-BF4B-00C04F79EFBC}") = "SiAp Parser", "SiAp Parser\SiAp Parser.csproj", "{42FDCF46-33C1-4F11-9AA8-147756D04035}"
EndProject
Project("{FAE04EC0-301F-11D3-BF4B-00C04F79EFBC}") = "SiAp Parser Tests", "SiAp Parser Tests\SiAp Parser Tests.csproj", "{3683BE0E-2A22-4174-9716-9F9D522E1E28}"
EndProject
Project("{FAE04EC0-301F-11D3-BF4B-00C04F79EFBC}") = "GeneradorDeLibros", "GeneradorDeLibros\GeneradorDeLibros.csproj", "{750D1756-CF0B-41BF-9CC3-E3078D17BE72}"
EndProject
Global
	GlobalSection(SolutionConfigurationPlatforms) = preSolution
		Debug|Any CPU = Debug|Any CPU
		Release|Any CPU = Release|Any CPU
	EndGlobalSection
	GlobalSection(ProjectConfigurationPlatforms) = postSolution
		{42FDCF46-33C1-4F11-9AA8-147756D04035}.Debug|Any CPU.ActiveCfg = Debug|Any CPU
		{42FDCF46-33C1-4F11-9AA8-147756D04035}.Debug|Any CPU.Build.0 = Debug|Any CPU
		{42FDCF46-33C1-4F11-9AA8-147756D04035}.Release|Any CPU.ActiveCfg = Release|Any CPU
		{42FDCF46-33C1-4F11-9AA8-147756D04035}.Release|Any CPU.Build.0 = Release|Any CPU
		{3683BE0E-2A22-4174-9716-9F9D522E1E28}.Debug|Any CPU.ActiveCfg = Debug|Any CPU
		{3683BE0E-2A22-4174-9716-9F9D522E1E28}.Debug|Any CPU.Build.0 = Debug|Any CPU
		{3683BE0E-2A22-4174-9716-9F9D522E1E28}.Release|Any CPU.ActiveCfg = Release|Any CPU
		{3683BE0E-2A22-4174-9716-9F9D522E1E28}.Release|Any CPU.Build.0 = Release|Any CPU
		{750D1756-CF0B-41BF-9CC3-E3078D17BE72}.Debug|Any CPU.ActiveCfg = Debug|Any CPU
		{750D1756-CF0B-41BF-9CC3-E3078D17BE72}.Debug|Any CPU.Build.0 = Debug|Any CPU
		{750D1756-CF0B-41BF-9CC3-E3078D17BE72}.Release|Any CPU.ActiveCfg = Release|Any CPU
		{750D1756-CF0B-41BF-9CC3-E3078D17BE72}.Release|Any CPU.Build.0 = Release|Any CPU
	EndGlobalSection
	GlobalSection(SolutionProperties) = preSolution
		HideSolutionNode = FALSE
	EndGlobalSection
EndGlobal
